// !$*UTF8*$!
{
	archiveVersion = 1;
	classes = {
	};
	objectVersion = 56;
	objects = {

/* Begin PBXBuildFile section */
		6D7140D4DD85E5C98BE28846 /* Pods_WeatherAppMVVM.framework in Frameworks */ = {isa = PBXBuildFile; fileRef = 5DF91357A8CEF59B4B03F05B /* Pods_WeatherAppMVVM.framework */; };
		952673652A9CAD3B005892C7 /* SearchNewCityView.swift in Sources */ = {isa = PBXBuildFile; fileRef = 952673642A9CAD3B005892C7 /* SearchNewCityView.swift */; };
		952673672A9CAD46005892C7 /* SearchNewCityViewModel.swift in Sources */ = {isa = PBXBuildFile; fileRef = 952673662A9CAD45005892C7 /* SearchNewCityViewModel.swift */; };
		952673692A9CED6A005892C7 /* WeatherServiceForSearchCity.swift in Sources */ = {isa = PBXBuildFile; fileRef = 952673682A9CED6A005892C7 /* WeatherServiceForSearchCity.swift */; };
		9526736B2A9CEDBC005892C7 /* ModelSearchWeatherCity.swift in Sources */ = {isa = PBXBuildFile; fileRef = 9526736A2A9CEDBC005892C7 /* ModelSearchWeatherCity.swift */; };
		9567ACE82A97813900E1B719 /* AppDelegate.swift in Sources */ = {isa = PBXBuildFile; fileRef = 9567ACE72A97813900E1B719 /* AppDelegate.swift */; };
		9567ACEA2A97813900E1B719 /* SceneDelegate.swift in Sources */ = {isa = PBXBuildFile; fileRef = 9567ACE92A97813900E1B719 /* SceneDelegate.swift */; };
		9567ACEC2A97813900E1B719 /* WeatherView.swift in Sources */ = {isa = PBXBuildFile; fileRef = 9567ACEB2A97813900E1B719 /* WeatherView.swift */; };
		9567ACF12A97813A00E1B719 /* Assets.xcassets in Resources */ = {isa = PBXBuildFile; fileRef = 9567ACF02A97813A00E1B719 /* Assets.xcassets */; };
		9567ACF42A97813A00E1B719 /* LaunchScreen.storyboard in Resources */ = {isa = PBXBuildFile; fileRef = 9567ACF22A97813A00E1B719 /* LaunchScreen.storyboard */; };
		9567AD042A97D22C00E1B719 /* WeatherViewModel.swift in Sources */ = {isa = PBXBuildFile; fileRef = 9567AD032A97D22C00E1B719 /* WeatherViewModel.swift */; };
		9567AD062A97D26600E1B719 /* WeatherCoordinator.swift in Sources */ = {isa = PBXBuildFile; fileRef = 9567AD052A97D26600E1B719 /* WeatherCoordinator.swift */; };
		9567AD092A98B66F00E1B719 /* UIView+Extension.swift in Sources */ = {isa = PBXBuildFile; fileRef = 9567AD082A98B66F00E1B719 /* UIView+Extension.swift */; };
		9567AD0B2A98B7DF00E1B719 /* WeatherModel.swift in Sources */ = {isa = PBXBuildFile; fileRef = 9567AD0A2A98B7DF00E1B719 /* WeatherModel.swift */; };
		9567AD0E2A98BA1000E1B719 /* WeatherService.swift in Sources */ = {isa = PBXBuildFile; fileRef = 9567AD0D2A98BA1000E1B719 /* WeatherService.swift */; };
		9567AD102A9A367200E1B719 /* CollectionViewCell.swift in Sources */ = {isa = PBXBuildFile; fileRef = 9567AD0F2A9A367200E1B719 /* CollectionViewCell.swift */; };
		9567AD1F2A9BA5F400E1B719 /* UILabel+Extension.swift in Sources */ = {isa = PBXBuildFile; fileRef = 9567AD1E2A9BA5F400E1B719 /* UILabel+Extension.swift */; };
		9567AD392A9BB9C200E1B719 /* String+Extension.swift in Sources */ = {isa = PBXBuildFile; fileRef = 9567AD382A9BB9C200E1B719 /* String+Extension.swift */; };
		9567AD412A9BF6DB00E1B719 /* Poppins-ExtraLight.ttf in Resources */ = {isa = PBXBuildFile; fileRef = 9567AD402A9BF6DB00E1B719 /* Poppins-ExtraLight.ttf */; };
		9567AD432A9BF6F400E1B719 /* Poppins-Medium.ttf in Resources */ = {isa = PBXBuildFile; fileRef = 9567AD422A9BF6F400E1B719 /* Poppins-Medium.ttf */; };
		9567AD452A9BF6FE00E1B719 /* Poppins-SemiBold.ttf in Resources */ = {isa = PBXBuildFile; fileRef = 9567AD442A9BF6FE00E1B719 /* Poppins-SemiBold.ttf */; };
		9567AD4E2A9BFAE800E1B719 /* MapView.swift in Sources */ = {isa = PBXBuildFile; fileRef = 9567AD4D2A9BFAE800E1B719 /* MapView.swift */; };
		9567AD502A9BFAF800E1B719 /* MapViewModel.swift in Sources */ = {isa = PBXBuildFile; fileRef = 9567AD4F2A9BFAF800E1B719 /* MapViewModel.swift */; };
/* End PBXBuildFile section */

/* Begin PBXFileReference section */
		5DF91357A8CEF59B4B03F05B /* Pods_WeatherAppMVVM.framework */ = {isa = PBXFileReference; explicitFileType = wrapper.framework; includeInIndex = 0; path = Pods_WeatherAppMVVM.framework; sourceTree = BUILT_PRODUCTS_DIR; };
		952673642A9CAD3B005892C7 /* SearchNewCityView.swift */ = {isa = PBXFileReference; lastKnownFileType = sourcecode.swift; path = SearchNewCityView.swift; sourceTree = "<group>"; };
		952673662A9CAD45005892C7 /* SearchNewCityViewModel.swift */ = {isa = PBXFileReference; lastKnownFileType = sourcecode.swift; path = SearchNewCityViewModel.swift; sourceTree = "<group>"; };
		952673682A9CED6A005892C7 /* WeatherServiceForSearchCity.swift */ = {isa = PBXFileReference; lastKnownFileType = sourcecode.swift; path = WeatherServiceForSearchCity.swift; sourceTree = "<group>"; };
		9526736A2A9CEDBC005892C7 /* ModelSearchWeatherCity.swift */ = {isa = PBXFileReference; lastKnownFileType = sourcecode.swift; path = ModelSearchWeatherCity.swift; sourceTree = "<group>"; };
		9567ACE42A97813900E1B719 /* WeatherAppMVVM.app */ = {isa = PBXFileReference; explicitFileType = wrapper.application; includeInIndex = 0; path = WeatherAppMVVM.app; sourceTree = BUILT_PRODUCTS_DIR; };
		9567ACE72A97813900E1B719 /* AppDelegate.swift */ = {isa = PBXFileReference; lastKnownFileType = sourcecode.swift; path = AppDelegate.swift; sourceTree = "<group>"; };
		9567ACE92A97813900E1B719 /* SceneDelegate.swift */ = {isa = PBXFileReference; lastKnownFileType = sourcecode.swift; path = SceneDelegate.swift; sourceTree = "<group>"; };
		9567ACEB2A97813900E1B719 /* WeatherView.swift */ = {isa = PBXFileReference; lastKnownFileType = sourcecode.swift; path = WeatherView.swift; sourceTree = "<group>"; };
		9567ACF02A97813A00E1B719 /* Assets.xcassets */ = {isa = PBXFileReference; lastKnownFileType = folder.assetcatalog; path = Assets.xcassets; sourceTree = "<group>"; };
		9567ACF32A97813A00E1B719 /* Base */ = {isa = PBXFileReference; lastKnownFileType = file.storyboard; name = Base; path = Base.lproj/LaunchScreen.storyboard; sourceTree = "<group>"; };
		9567ACF52A97813A00E1B719 /* Info.plist */ = {isa = PBXFileReference; lastKnownFileType = text.plist.xml; path = Info.plist; sourceTree = "<group>"; };
		9567AD032A97D22C00E1B719 /* WeatherViewModel.swift */ = {isa = PBXFileReference; lastKnownFileType = sourcecode.swift; path = WeatherViewModel.swift; sourceTree = "<group>"; };
		9567AD052A97D26600E1B719 /* WeatherCoordinator.swift */ = {isa = PBXFileReference; lastKnownFileType = sourcecode.swift; path = WeatherCoordinator.swift; sourceTree = "<group>"; };
		9567AD082A98B66F00E1B719 /* UIView+Extension.swift */ = {isa = PBXFileReference; lastKnownFileType = sourcecode.swift; path = "UIView+Extension.swift"; sourceTree = "<group>"; };
		9567AD0A2A98B7DF00E1B719 /* WeatherModel.swift */ = {isa = PBXFileReference; lastKnownFileType = sourcecode.swift; path = WeatherModel.swift; sourceTree = "<group>"; };
		9567AD0D2A98BA1000E1B719 /* WeatherService.swift */ = {isa = PBXFileReference; lastKnownFileType = sourcecode.swift; path = WeatherService.swift; sourceTree = "<group>"; };
		9567AD0F2A9A367200E1B719 /* CollectionViewCell.swift */ = {isa = PBXFileReference; lastKnownFileType = sourcecode.swift; path = CollectionViewCell.swift; sourceTree = "<group>"; };
		9567AD1E2A9BA5F400E1B719 /* UILabel+Extension.swift */ = {isa = PBXFileReference; lastKnownFileType = sourcecode.swift; path = "UILabel+Extension.swift"; sourceTree = "<group>"; };
		9567AD382A9BB9C200E1B719 /* String+Extension.swift */ = {isa = PBXFileReference; lastKnownFileType = sourcecode.swift; path = "String+Extension.swift"; sourceTree = "<group>"; };
		9567AD402A9BF6DB00E1B719 /* Poppins-ExtraLight.ttf */ = {isa = PBXFileReference; lastKnownFileType = file; path = "Poppins-ExtraLight.ttf"; sourceTree = "<group>"; };
		9567AD422A9BF6F400E1B719 /* Poppins-Medium.ttf */ = {isa = PBXFileReference; lastKnownFileType = file; path = "Poppins-Medium.ttf"; sourceTree = "<group>"; };
		9567AD442A9BF6FE00E1B719 /* Poppins-SemiBold.ttf */ = {isa = PBXFileReference; lastKnownFileType = file; path = "Poppins-SemiBold.ttf"; sourceTree = "<group>"; };
		9567AD4D2A9BFAE800E1B719 /* MapView.swift */ = {isa = PBXFileReference; lastKnownFileType = sourcecode.swift; path = MapView.swift; sourceTree = "<group>"; };
		9567AD4F2A9BFAF800E1B719 /* MapViewModel.swift */ = {isa = PBXFileReference; lastKnownFileType = sourcecode.swift; path = MapViewModel.swift; sourceTree = "<group>"; };
		ABF054FADBE30AE0B3FA56AF /* Pods-WeatherAppMVVM.debug.xcconfig */ = {isa = PBXFileReference; includeInIndex = 1; lastKnownFileType = text.xcconfig; name = "Pods-WeatherAppMVVM.debug.xcconfig"; path = "Target Support Files/Pods-WeatherAppMVVM/Pods-WeatherAppMVVM.debug.xcconfig"; sourceTree = "<group>"; };
		CA045FAF8295B31133D6C0B6 /* Pods-WeatherAppMVVM.release.xcconfig */ = {isa = PBXFileReference; includeInIndex = 1; lastKnownFileType = text.xcconfig; name = "Pods-WeatherAppMVVM.release.xcconfig"; path = "Target Support Files/Pods-WeatherAppMVVM/Pods-WeatherAppMVVM.release.xcconfig"; sourceTree = "<group>"; };
/* End PBXFileReference section */

/* Begin PBXFrameworksBuildPhase section */
		9567ACE12A97813900E1B719 /* Frameworks */ = {
			isa = PBXFrameworksBuildPhase;
			buildActionMask = 2147483647;
			files = (
				6D7140D4DD85E5C98BE28846 /* Pods_WeatherAppMVVM.framework in Frameworks */,
			);
			runOnlyForDeploymentPostprocessing = 0;
		};
/* End PBXFrameworksBuildPhase section */

/* Begin PBXGroup section */
		1B7847F96A1372E36882D20E /* Frameworks */ = {
			isa = PBXGroup;
			children = (
				5DF91357A8CEF59B4B03F05B /* Pods_WeatherAppMVVM.framework */,
			);
			name = Frameworks;
			sourceTree = "<group>";
		};
		952673602A9CAD0E005892C7 /* ViewModel */ = {
			isa = PBXGroup;
			children = (
				952673662A9CAD45005892C7 /* SearchNewCityViewModel.swift */,
			);
			path = ViewModel;
			sourceTree = "<group>";
		};
		952673612A9CAD16005892C7 /* View */ = {
			isa = PBXGroup;
			children = (
				952673642A9CAD3B005892C7 /* SearchNewCityView.swift */,
			);
			path = View;
			sourceTree = "<group>";
		};
		952673632A9CAD26005892C7 /* Model */ = {
			isa = PBXGroup;
			children = (
				9526736A2A9CEDBC005892C7 /* ModelSearchWeatherCity.swift */,
			);
			path = Model;
			sourceTree = "<group>";
		};
		9567ACDB2A97813800E1B719 = {
			isa = PBXGroup;
			children = (
				9567ACE62A97813900E1B719 /* WeatherAppMVVM */,
				9567ACE52A97813900E1B719 /* Products */,
				A6C7884CCE8F95CB8AA26688 /* Pods */,
				1B7847F96A1372E36882D20E /* Frameworks */,
			);
			sourceTree = "<group>";
		};
		9567ACE52A97813900E1B719 /* Products */ = {
			isa = PBXGroup;
			children = (
				9567ACE42A97813900E1B719 /* WeatherAppMVVM.app */,
			);
			name = Products;
			sourceTree = "<group>";
		};
		9567ACE62A97813900E1B719 /* WeatherAppMVVM */ = {
			isa = PBXGroup;
			children = (
				9567AD122A9BA50500E1B719 /* Fonts */,
				9567AD072A98B66500E1B719 /* Extensions */,
				9567ACFC2A979C9200E1B719 /* Delegate */,
				9567AD0C2A98B7F800E1B719 /* NetworkLayer */,
				9567ACFE2A979D1800E1B719 /* MainWeatherFlow */,
				9567AD462A9BFA8900E1B719 /* MapScreen */,
				9567AD472A9BFA9600E1B719 /* SearchNewCityScreen */,
				9567ACFF2A979D3E00E1B719 /* Coordinator */,
				9567ACFB2A979C8C00E1B719 /* Core */,
			);
			path = WeatherAppMVVM;
			sourceTree = "<group>";
		};
		9567ACFB2A979C8C00E1B719 /* Core */ = {
			isa = PBXGroup;
			children = (
				9567ACF02A97813A00E1B719 /* Assets.xcassets */,
				9567ACF22A97813A00E1B719 /* LaunchScreen.storyboard */,
				9567ACF52A97813A00E1B719 /* Info.plist */,
			);
			path = Core;
			sourceTree = "<group>";
		};
		9567ACFC2A979C9200E1B719 /* Delegate */ = {
			isa = PBXGroup;
			children = (
				9567ACE72A97813900E1B719 /* AppDelegate.swift */,
				9567ACE92A97813900E1B719 /* SceneDelegate.swift */,
			);
			path = Delegate;
			sourceTree = "<group>";
		};
		9567ACFE2A979D1800E1B719 /* MainWeatherFlow */ = {
			isa = PBXGroup;
			children = (
				9567AD022A979D6300E1B719 /* Model */,
				9567AD012A979D5600E1B719 /* View */,
				9567AD002A979D4D00E1B719 /* ViewModel */,
			);
			path = MainWeatherFlow;
			sourceTree = "<group>";
		};
		9567ACFF2A979D3E00E1B719 /* Coordinator */ = {
			isa = PBXGroup;
			children = (
				9567AD052A97D26600E1B719 /* WeatherCoordinator.swift */,
			);
			path = Coordinator;
			sourceTree = "<group>";
		};
		9567AD002A979D4D00E1B719 /* ViewModel */ = {
			isa = PBXGroup;
			children = (
				9567AD032A97D22C00E1B719 /* WeatherViewModel.swift */,
			);
			path = ViewModel;
			sourceTree = "<group>";
		};
		9567AD012A979D5600E1B719 /* View */ = {
			isa = PBXGroup;
			children = (
				9567ACEB2A97813900E1B719 /* WeatherView.swift */,
				9567AD0F2A9A367200E1B719 /* CollectionViewCell.swift */,
			);
			path = View;
			sourceTree = "<group>";
		};
		9567AD022A979D6300E1B719 /* Model */ = {
			isa = PBXGroup;
			children = (
				9567AD0A2A98B7DF00E1B719 /* WeatherModel.swift */,
			);
			path = Model;
			sourceTree = "<group>";
		};
		9567AD072A98B66500E1B719 /* Extensions */ = {
			isa = PBXGroup;
			children = (
				9567AD082A98B66F00E1B719 /* UIView+Extension.swift */,
				9567AD382A9BB9C200E1B719 /* String+Extension.swift */,
				9567AD1E2A9BA5F400E1B719 /* UILabel+Extension.swift */,
			);
			path = Extensions;
			sourceTree = "<group>";
		};
		9567AD0C2A98B7F800E1B719 /* NetworkLayer */ = {
			isa = PBXGroup;
			children = (
				9567AD0D2A98BA1000E1B719 /* WeatherService.swift */,
				952673682A9CED6A005892C7 /* WeatherServiceForSearchCity.swift */,
			);
			path = NetworkLayer;
			sourceTree = "<group>";
		};
		9567AD122A9BA50500E1B719 /* Fonts */ = {
			isa = PBXGroup;
			children = (
				9567AD402A9BF6DB00E1B719 /* Poppins-ExtraLight.ttf */,
				9567AD422A9BF6F400E1B719 /* Poppins-Medium.ttf */,
				9567AD442A9BF6FE00E1B719 /* Poppins-SemiBold.ttf */,
			);
			path = Fonts;
			sourceTree = "<group>";
		};
		9567AD462A9BFA8900E1B719 /* MapScreen */ = {
			isa = PBXGroup;
			children = (
				9567AD4C2A9BFACA00E1B719 /* Model */,
				9567AD4B2A9BFAC600E1B719 /* View */,
				9567AD4A2A9BFAC100E1B719 /* ViewModel */,
			);
			path = MapScreen;
			sourceTree = "<group>";
		};
		9567AD472A9BFA9600E1B719 /* SearchNewCityScreen */ = {
			isa = PBXGroup;
			children = (
				952673632A9CAD26005892C7 /* Model */,
				952673612A9CAD16005892C7 /* View */,
				952673602A9CAD0E005892C7 /* ViewModel */,
			);
			path = SearchNewCityScreen;
			sourceTree = "<group>";
		};
		9567AD4A2A9BFAC100E1B719 /* ViewModel */ = {
			isa = PBXGroup;
			children = (
				9567AD4F2A9BFAF800E1B719 /* MapViewModel.swift */,
			);
			path = ViewModel;
			sourceTree = "<group>";
		};
		9567AD4B2A9BFAC600E1B719 /* View */ = {
			isa = PBXGroup;
			children = (
				9567AD4D2A9BFAE800E1B719 /* MapView.swift */,
			);
			path = View;
			sourceTree = "<group>";
		};
		9567AD4C2A9BFACA00E1B719 /* Model */ = {
			isa = PBXGroup;
			children = (
			);
			path = Model;
			sourceTree = "<group>";
		};
		A6C7884CCE8F95CB8AA26688 /* Pods */ = {
			isa = PBXGroup;
			children = (
				ABF054FADBE30AE0B3FA56AF /* Pods-WeatherAppMVVM.debug.xcconfig */,
				CA045FAF8295B31133D6C0B6 /* Pods-WeatherAppMVVM.release.xcconfig */,
			);
			path = Pods;
			sourceTree = "<group>";
		};
/* End PBXGroup section */

/* Begin PBXNativeTarget section */
		9567ACE32A97813900E1B719 /* WeatherAppMVVM */ = {
			isa = PBXNativeTarget;
			buildConfigurationList = 9567ACF82A97813A00E1B719 /* Build configuration list for PBXNativeTarget "WeatherAppMVVM" */;
			buildPhases = (
				D87E7817CB89908FF0022C94 /* [CP] Check Pods Manifest.lock */,
				9567ACE02A97813900E1B719 /* Sources */,
				9567ACE12A97813900E1B719 /* Frameworks */,
				9567ACE22A97813900E1B719 /* Resources */,
				2D52853B6B272ED5E3DDF9B8 /* [CP] Embed Pods Frameworks */,
			);
			buildRules = (
			);
			dependencies = (
			);
			name = WeatherAppMVVM;
			productName = WeatherAppMVVM;
			productReference = 9567ACE42A97813900E1B719 /* WeatherAppMVVM.app */;
			productType = "com.apple.product-type.application";
		};
/* End PBXNativeTarget section */

/* Begin PBXProject section */
		9567ACDC2A97813800E1B719 /* Project object */ = {
			isa = PBXProject;
			attributes = {
				BuildIndependentTargetsInParallel = 1;
				LastSwiftUpdateCheck = 1430;
				LastUpgradeCheck = 1430;
				TargetAttributes = {
					9567ACE32A97813900E1B719 = {
						CreatedOnToolsVersion = 14.3;
					};
				};
			};
			buildConfigurationList = 9567ACDF2A97813800E1B719 /* Build configuration list for PBXProject "WeatherAppMVVM" */;
			compatibilityVersion = "Xcode 14.0";
			developmentRegion = en;
			hasScannedForEncodings = 0;
			knownRegions = (
				en,
				Base,
			);
			mainGroup = 9567ACDB2A97813800E1B719;
			productRefGroup = 9567ACE52A97813900E1B719 /* Products */;
			projectDirPath = "";
			projectRoot = "";
			targets = (
				9567ACE32A97813900E1B719 /* WeatherAppMVVM */,
			);
		};
/* End PBXProject section */

/* Begin PBXResourcesBuildPhase section */
		9567ACE22A97813900E1B719 /* Resources */ = {
			isa = PBXResourcesBuildPhase;
			buildActionMask = 2147483647;
			files = (
				9567AD452A9BF6FE00E1B719 /* Poppins-SemiBold.ttf in Resources */,
				9567AD412A9BF6DB00E1B719 /* Poppins-ExtraLight.ttf in Resources */,
				9567AD432A9BF6F400E1B719 /* Poppins-Medium.ttf in Resources */,
				9567ACF42A97813A00E1B719 /* LaunchScreen.storyboard in Resources */,
				9567ACF12A97813A00E1B719 /* Assets.xcassets in Resources */,
			);
			runOnlyForDeploymentPostprocessing = 0;
		};
/* End PBXResourcesBuildPhase section */

/* Begin PBXShellScriptBuildPhase section */
		2D52853B6B272ED5E3DDF9B8 /* [CP] Embed Pods Frameworks */ = {
			isa = PBXShellScriptBuildPhase;
			buildActionMask = 2147483647;
			files = (
			);
			inputFileListPaths = (
				"${PODS_ROOT}/Target Support Files/Pods-WeatherAppMVVM/Pods-WeatherAppMVVM-frameworks-${CONFIGURATION}-input-files.xcfilelist",
			);
			name = "[CP] Embed Pods Frameworks";
			outputFileListPaths = (
				"${PODS_ROOT}/Target Support Files/Pods-WeatherAppMVVM/Pods-WeatherAppMVVM-frameworks-${CONFIGURATION}-output-files.xcfilelist",
			);
			runOnlyForDeploymentPostprocessing = 0;
			shellPath = /bin/sh;
			shellScript = "\"${PODS_ROOT}/Target Support Files/Pods-WeatherAppMVVM/Pods-WeatherAppMVVM-frameworks.sh\"\n";
			showEnvVarsInLog = 0;
		};
		D87E7817CB89908FF0022C94 /* [CP] Check Pods Manifest.lock */ = {
			isa = PBXShellScriptBuildPhase;
			buildActionMask = 2147483647;
			files = (
			);
			inputFileListPaths = (
			);
			inputPaths = (
				"${PODS_PODFILE_DIR_PATH}/Podfile.lock",
				"${PODS_ROOT}/Manifest.lock",
			);
			name = "[CP] Check Pods Manifest.lock";
			outputFileListPaths = (
			);
			outputPaths = (
				"$(DERIVED_FILE_DIR)/Pods-WeatherAppMVVM-checkManifestLockResult.txt",
			);
			runOnlyForDeploymentPostprocessing = 0;
			shellPath = /bin/sh;
			shellScript = "diff \"${PODS_PODFILE_DIR_PATH}/Podfile.lock\" \"${PODS_ROOT}/Manifest.lock\" > /dev/null\nif [ $? != 0 ] ; then\n    # print error to STDERR\n    echo \"error: The sandbox is not in sync with the Podfile.lock. Run 'pod install' or update your CocoaPods installation.\" >&2\n    exit 1\nfi\n# This output is used by Xcode 'outputs' to avoid re-running this script phase.\necho \"SUCCESS\" > \"${SCRIPT_OUTPUT_FILE_0}\"\n";
			showEnvVarsInLog = 0;
		};
/* End PBXShellScriptBuildPhase section */

/* Begin PBXSourcesBuildPhase section */
		9567ACE02A97813900E1B719 /* Sources */ = {
			isa = PBXSourcesBuildPhase;
			buildActionMask = 2147483647;
			files = (
				9567AD0E2A98BA1000E1B719 /* WeatherService.swift in Sources */,
				9567AD4E2A9BFAE800E1B719 /* MapView.swift in Sources */,
				952673672A9CAD46005892C7 /* SearchNewCityViewModel.swift in Sources */,
				9567AD392A9BB9C200E1B719 /* String+Extension.swift in Sources */,
				9567AD092A98B66F00E1B719 /* UIView+Extension.swift in Sources */,
				9567AD502A9BFAF800E1B719 /* MapViewModel.swift in Sources */,
				9567AD1F2A9BA5F400E1B719 /* UILabel+Extension.swift in Sources */,
				952673652A9CAD3B005892C7 /* SearchNewCityView.swift in Sources */,
				9526736B2A9CEDBC005892C7 /* ModelSearchWeatherCity.swift in Sources */,
				9567AD102A9A367200E1B719 /* CollectionViewCell.swift in Sources */,
				952673692A9CED6A005892C7 /* WeatherServiceForSearchCity.swift in Sources */,
				9567AD062A97D26600E1B719 /* WeatherCoordinator.swift in Sources */,
				9567ACEC2A97813900E1B719 /* WeatherView.swift in Sources */,
				9567AD0B2A98B7DF00E1B719 /* WeatherModel.swift in Sources */,
				9567AD042A97D22C00E1B719 /* WeatherViewModel.swift in Sources */,
				9567ACE82A97813900E1B719 /* AppDelegate.swift in Sources */,
				9567ACEA2A97813900E1B719 /* SceneDelegate.swift in Sources */,
			);
			runOnlyForDeploymentPostprocessing = 0;
		};
/* End PBXSourcesBuildPhase section */

/* Begin PBXVariantGroup section */
		9567ACF22A97813A00E1B719 /* LaunchScreen.storyboard */ = {
			isa = PBXVariantGroup;
			children = (
				9567ACF32A97813A00E1B719 /* Base */,
			);
			name = LaunchScreen.storyboard;
			sourceTree = "<group>";
		};
/* End PBXVariantGroup section */

/* Begin XCBuildConfiguration section */
		9567ACF62A97813A00E1B719 /* Debug */ = {
			isa = XCBuildConfiguration;
			buildSettings = {
				ALWAYS_SEARCH_USER_PATHS = NO;
				CLANG_ANALYZER_NONNULL = YES;
				CLANG_ANALYZER_NUMBER_OBJECT_CONVERSION = YES_AGGRESSIVE;
				CLANG_CXX_LANGUAGE_STANDARD = "gnu++20";
				CLANG_ENABLE_MODULES = YES;
				CLANG_ENABLE_OBJC_ARC = YES;
				CLANG_ENABLE_OBJC_WEAK = YES;
				CLANG_WARN_BLOCK_CAPTURE_AUTORELEASING = YES;
				CLANG_WARN_BOOL_CONVERSION = YES;
				CLANG_WARN_COMMA = YES;
				CLANG_WARN_CONSTANT_CONVERSION = YES;
				CLANG_WARN_DEPRECATED_OBJC_IMPLEMENTATIONS = YES;
				CLANG_WARN_DIRECT_OBJC_ISA_USAGE = YES_ERROR;
				CLANG_WARN_DOCUMENTATION_COMMENTS = YES;
				CLANG_WARN_EMPTY_BODY = YES;
				CLANG_WARN_ENUM_CONVERSION = YES;
				CLANG_WARN_INFINITE_RECURSION = YES;
				CLANG_WARN_INT_CONVERSION = YES;
				CLANG_WARN_NON_LITERAL_NULL_CONVERSION = YES;
				CLANG_WARN_OBJC_IMPLICIT_RETAIN_SELF = YES;
				CLANG_WARN_OBJC_LITERAL_CONVERSION = YES;
				CLANG_WARN_OBJC_ROOT_CLASS = YES_ERROR;
				CLANG_WARN_QUOTED_INCLUDE_IN_FRAMEWORK_HEADER = YES;
				CLANG_WARN_RANGE_LOOP_ANALYSIS = YES;
				CLANG_WARN_STRICT_PROTOTYPES = YES;
				CLANG_WARN_SUSPICIOUS_MOVE = YES;
				CLANG_WARN_UNGUARDED_AVAILABILITY = YES_AGGRESSIVE;
				CLANG_WARN_UNREACHABLE_CODE = YES;
				CLANG_WARN__DUPLICATE_METHOD_MATCH = YES;
				COPY_PHASE_STRIP = NO;
				DEBUG_INFORMATION_FORMAT = dwarf;
				ENABLE_STRICT_OBJC_MSGSEND = YES;
				ENABLE_TESTABILITY = YES;
				GCC_C_LANGUAGE_STANDARD = gnu11;
				GCC_DYNAMIC_NO_PIC = NO;
				GCC_NO_COMMON_BLOCKS = YES;
				GCC_OPTIMIZATION_LEVEL = 0;
				GCC_PREPROCESSOR_DEFINITIONS = (
					"DEBUG=1",
					"$(inherited)",
				);
				GCC_WARN_64_TO_32_BIT_CONVERSION = YES;
				GCC_WARN_ABOUT_RETURN_TYPE = YES_ERROR;
				GCC_WARN_UNDECLARED_SELECTOR = YES;
				GCC_WARN_UNINITIALIZED_AUTOS = YES_AGGRESSIVE;
				GCC_WARN_UNUSED_FUNCTION = YES;
				GCC_WARN_UNUSED_VARIABLE = YES;
				IPHONEOS_DEPLOYMENT_TARGET = 16.4;
				MTL_ENABLE_DEBUG_INFO = INCLUDE_SOURCE;
				MTL_FAST_MATH = YES;
				ONLY_ACTIVE_ARCH = YES;
				SDKROOT = iphoneos;
				SWIFT_ACTIVE_COMPILATION_CONDITIONS = DEBUG;
				SWIFT_OPTIMIZATION_LEVEL = "-Onone";
			};
			name = Debug;
		};
		9567ACF72A97813A00E1B719 /* Release */ = {
			isa = XCBuildConfiguration;
			buildSettings = {
				ALWAYS_SEARCH_USER_PATHS = NO;
				CLANG_ANALYZER_NONNULL = YES;
				CLANG_ANALYZER_NUMBER_OBJECT_CONVERSION = YES_AGGRESSIVE;
				CLANG_CXX_LANGUAGE_STANDARD = "gnu++20";
				CLANG_ENABLE_MODULES = YES;
				CLANG_ENABLE_OBJC_ARC = YES;
				CLANG_ENABLE_OBJC_WEAK = YES;
				CLANG_WARN_BLOCK_CAPTURE_AUTORELEASING = YES;
				CLANG_WARN_BOOL_CONVERSION = YES;
				CLANG_WARN_COMMA = YES;
				CLANG_WARN_CONSTANT_CONVERSION = YES;
				CLANG_WARN_DEPRECATED_OBJC_IMPLEMENTATIONS = YES;
				CLANG_WARN_DIRECT_OBJC_ISA_USAGE = YES_ERROR;
				CLANG_WARN_DOCUMENTATION_COMMENTS = YES;
				CLANG_WARN_EMPTY_BODY = YES;
				CLANG_WARN_ENUM_CONVERSION = YES;
				CLANG_WARN_INFINITE_RECURSION = YES;
				CLANG_WARN_INT_CONVERSION = YES;
				CLANG_WARN_NON_LITERAL_NULL_CONVERSION = YES;
				CLANG_WARN_OBJC_IMPLICIT_RETAIN_SELF = YES;
				CLANG_WARN_OBJC_LITERAL_CONVERSION = YES;
				CLANG_WARN_OBJC_ROOT_CLASS = YES_ERROR;
				CLANG_WARN_QUOTED_INCLUDE_IN_FRAMEWORK_HEADER = YES;
				CLANG_WARN_RANGE_LOOP_ANALYSIS = YES;
				CLANG_WARN_STRICT_PROTOTYPES = YES;
				CLANG_WARN_SUSPICIOUS_MOVE = YES;
				CLANG_WARN_UNGUARDED_AVAILABILITY = YES_AGGRESSIVE;
				CLANG_WARN_UNREACHABLE_CODE = YES;
				CLANG_WARN__DUPLICATE_METHOD_MATCH = YES;
				COPY_PHASE_STRIP = NO;
				DEBUG_INFORMATION_FORMAT = "dwarf-with-dsym";
				ENABLE_NS_ASSERTIONS = NO;
				ENABLE_STRICT_OBJC_MSGSEND = YES;
				GCC_C_LANGUAGE_STANDARD = gnu11;
				GCC_NO_COMMON_BLOCKS = YES;
				GCC_WARN_64_TO_32_BIT_CONVERSION = YES;
				GCC_WARN_ABOUT_RETURN_TYPE = YES_ERROR;
				GCC_WARN_UNDECLARED_SELECTOR = YES;
				GCC_WARN_UNINITIALIZED_AUTOS = YES_AGGRESSIVE;
				GCC_WARN_UNUSED_FUNCTION = YES;
				GCC_WARN_UNUSED_VARIABLE = YES;
				IPHONEOS_DEPLOYMENT_TARGET = 16.4;
				MTL_ENABLE_DEBUG_INFO = NO;
				MTL_FAST_MATH = YES;
				SDKROOT = iphoneos;
				SWIFT_COMPILATION_MODE = wholemodule;
				SWIFT_OPTIMIZATION_LEVEL = "-O";
				VALIDATE_PRODUCT = YES;
			};
			name = Release;
		};
		9567ACF92A97813A00E1B719 /* Debug */ = {
			isa = XCBuildConfiguration;
			baseConfigurationReference = ABF054FADBE30AE0B3FA56AF /* Pods-WeatherAppMVVM.debug.xcconfig */;
			buildSettings = {
				ASSETCATALOG_COMPILER_APPICON_NAME = AppIcon;
				ASSETCATALOG_COMPILER_GLOBAL_ACCENT_COLOR_NAME = AccentColor;
				CODE_SIGN_STYLE = Automatic;
				CURRENT_PROJECT_VERSION = 1;
				DEVELOPMENT_TEAM = 3HQN9YN4MK;
				GENERATE_INFOPLIST_FILE = YES;
				INFOPLIST_FILE = WeatherAppMVVM/Core/Info.plist;
				INFOPLIST_KEY_NSLocationWhenInUseUsageDescription = "";
				INFOPLIST_KEY_UILaunchStoryboardName = LaunchScreen;
				INFOPLIST_KEY_UISupportedInterfaceOrientations = UIInterfaceOrientationPortrait;
				INFOPLIST_KEY_UISupportedInterfaceOrientations_iPad = "UIInterfaceOrientationLandscapeLeft UIInterfaceOrientationLandscapeRight UIInterfaceOrientationPortrait UIInterfaceOrientationPortraitUpsideDown";
				IPHONEOS_DEPLOYMENT_TARGET = 14.4;
				LD_RUNPATH_SEARCH_PATHS = (
					"$(inherited)",
					"@executable_path/Frameworks",
				);
				MARKETING_VERSION = 1.0;
				PRODUCT_BUNDLE_IDENTIFIER = "------.WeatherAppMVVM";
				PRODUCT_NAME = "$(TARGET_NAME)";
				SWIFT_EMIT_LOC_STRINGS = YES;
				SWIFT_VERSION = 5.0;
				TARGETED_DEVICE_FAMILY = "1,2";
			};
			name = Debug;
		};
		9567ACFA2A97813A00E1B719 /* Release */ = {
			isa = XCBuildConfiguration;
			baseConfigurationReference = CA045FAF8295B31133D6C0B6 /* Pods-WeatherAppMVVM.release.xcconfig */;
			buildSettings = {
				ASSETCATALOG_COMPILER_APPICON_NAME = AppIcon;
				ASSETCATALOG_COMPILER_GLOBAL_ACCENT_COLOR_NAME = AccentColor;
				CODE_SIGN_STYLE = Automatic;
				CURRENT_PROJECT_VERSION = 1;
				DEVELOPMENT_TEAM = 3HQN9YN4MK;
				GENERATE_INFOPLIST_FILE = YES;
				INFOPLIST_FILE = WeatherAppMVVM/Core/Info.plist;
				INFOPLIST_KEY_NSLocationWhenInUseUsageDescription = "";
				INFOPLIST_KEY_UILaunchStoryboardName = LaunchScreen;
				INFOPLIST_KEY_UISupportedInterfaceOrientations = UIInterfaceOrientationPortrait;
				INFOPLIST_KEY_UISupportedInterfaceOrientations_iPad = "UIInterfaceOrientationLandscapeLeft UIInterfaceOrientationLandscapeRight UIInterfaceOrientationPortrait UIInterfaceOrientationPortraitUpsideDown";
				IPHONEOS_DEPLOYMENT_TARGET = 14.4;
				LD_RUNPATH_SEARCH_PATHS = (
					"$(inherited)",
					"@executable_path/Frameworks",
				);
				MARKETING_VERSION = 1.0;
				PRODUCT_BUNDLE_IDENTIFIER = "------.WeatherAppMVVM";
				PRODUCT_NAME = "$(TARGET_NAME)";
				SWIFT_EMIT_LOC_STRINGS = YES;
				SWIFT_VERSION = 5.0;
				TARGETED_DEVICE_FAMILY = "1,2";
			};
			name = Release;
		};
/* End XCBuildConfiguration section */

/* Begin XCConfigurationList section */
		9567ACDF2A97813800E1B719 /* Build configuration list for PBXProject "WeatherAppMVVM" */ = {
			isa = XCConfigurationList;
			buildConfigurations = (
				9567ACF62A97813A00E1B719 /* Debug */,
				9567ACF72A97813A00E1B719 /* Release */,
			);
			defaultConfigurationIsVisible = 0;
			defaultConfigurationName = Release;
		};
		9567ACF82A97813A00E1B719 /* Build configuration list for PBXNativeTarget "WeatherAppMVVM" */ = {
			isa = XCConfigurationList;
			buildConfigurations = (
				9567ACF92A97813A00E1B719 /* Debug */,
				9567ACFA2A97813A00E1B719 /* Release */,
			);
			defaultConfigurationIsVisible = 0;
			defaultConfigurationName = Release;
		};
/* End XCConfigurationList section */
	};
	rootObject = 9567ACDC2A97813800E1B719 /* Project object */;
}
